// !$*UTF8*$!
{
	archiveVersion = 1;
	classes = {
	};
	objectVersion = 56;
	objects = {

/* Begin PBXBuildFile section */
		ACA40DAA2B60664E001C6851 /* AdmiralCasinoLiveProApp.swift in Sources */ = {isa = PBXBuildFile; fileRef = ACA40DA92B60664E001C6851 /* AdmiralCasinoLiveProApp.swift */; };
		ACA40DAC2B60664E001C6851 /* ContentView.swift in Sources */ = {isa = PBXBuildFile; fileRef = ACA40DAB2B60664E001C6851 /* ContentView.swift */; };
		ACA40DB12B606650001C6851 /* Preview Assets.xcassets in Resources */ = {isa = PBXBuildFile; fileRef = ACA40DB02B606650001C6851 /* Preview Assets.xcassets */; };
		ACA40DB82B606BA8001C6851 /* Menu.swift in Sources */ = {isa = PBXBuildFile; fileRef = ACA40DB72B606BA8001C6851 /* Menu.swift */; };
		ACA40DBC2B606BE3001C6851 /* Background.swift in Sources */ = {isa = PBXBuildFile; fileRef = ACA40DBB2B606BE3001C6851 /* Background.swift */; };
		ACA40DBF2B606C18001C6851 /* Images.swift in Sources */ = {isa = PBXBuildFile; fileRef = ACA40DBE2B606C18001C6851 /* Images.swift */; };
		ACA40DC22B606FC4001C6851 /* Inter-ExtraBold.ttf in Resources */ = {isa = PBXBuildFile; fileRef = ACA40DC12B606FC4001C6851 /* Inter-ExtraBold.ttf */; };
		ACA40DC42B606FF6001C6851 /* Inter-Medium.ttf in Resources */ = {isa = PBXBuildFile; fileRef = ACA40DC32B606FF6001C6851 /* Inter-Medium.ttf */; };
		ACA40DC62B607000001C6851 /* Inter-Bold.ttf in Resources */ = {isa = PBXBuildFile; fileRef = ACA40DC52B607000001C6851 /* Inter-Bold.ttf */; };
		ACA40DC82B607009001C6851 /* Inter-Black.ttf in Resources */ = {isa = PBXBuildFile; fileRef = ACA40DC72B607009001C6851 /* Inter-Black.ttf */; };
		ACA40DCA2B607031001C6851 /* Inter-Regular.ttf in Resources */ = {isa = PBXBuildFile; fileRef = ACA40DC92B607031001C6851 /* Inter-Regular.ttf */; };
		ACA40DCC2B60704C001C6851 /* Inter-SemiBold.ttf in Resources */ = {isa = PBXBuildFile; fileRef = ACA40DCB2B60704C001C6851 /* Inter-SemiBold.ttf */; };
		ACA40DCF2B607FB3001C6851 /* Fonts.swift in Sources */ = {isa = PBXBuildFile; fileRef = ACA40DCE2B607FB3001C6851 /* Fonts.swift */; };
		ACA40DD12B60FBDD001C6851 /* Colors.swift in Sources */ = {isa = PBXBuildFile; fileRef = ACA40DD02B60FBDD001C6851 /* Colors.swift */; };
		ACA40DD32B613133001C6851 /* Text.swift in Sources */ = {isa = PBXBuildFile; fileRef = ACA40DD22B613133001C6851 /* Text.swift */; };
		ACD5FAF42B61362D00FF6846 /* Assets.xcassets in Resources */ = {isa = PBXBuildFile; fileRef = ACD5FAF32B61362D00FF6846 /* Assets.xcassets */; };
		ACD5FAF62B61368500FF6846 /* Info.swift in Sources */ = {isa = PBXBuildFile; fileRef = ACD5FAF52B61368500FF6846 /* Info.swift */; };
		ACD5FAF82B61377C00FF6846 /* Header.swift in Sources */ = {isa = PBXBuildFile; fileRef = ACD5FAF72B61377C00FF6846 /* Header.swift */; };
		ACD5FAFB2B61460300FF6846 /* InfoModel.swift in Sources */ = {isa = PBXBuildFile; fileRef = ACD5FAFA2B61460300FF6846 /* InfoModel.swift */; };
		ACD5FAFD2B614A9500FF6846 /* Strategies.swift in Sources */ = {isa = PBXBuildFile; fileRef = ACD5FAFC2B614A9500FF6846 /* Strategies.swift */; };
		ACD5FAFF2B614FD200FF6846 /* StrategyModel.swift in Sources */ = {isa = PBXBuildFile; fileRef = ACD5FAFE2B614FD200FF6846 /* StrategyModel.swift */; };
		ACD5FB012B6151AD00FF6846 /* History.swift in Sources */ = {isa = PBXBuildFile; fileRef = ACD5FB002B6151AD00FF6846 /* History.swift */; };
		ACD5FB032B61560D00FF6846 /* StrategyDescription.swift in Sources */ = {isa = PBXBuildFile; fileRef = ACD5FB022B61560D00FF6846 /* StrategyDescription.swift */; };
		ACD5FB052B615D3B00FF6846 /* Gameplay.swift in Sources */ = {isa = PBXBuildFile; fileRef = ACD5FB042B615D3B00FF6846 /* Gameplay.swift */; };
		ACD5FB072B618AB900FF6846 /* ArticleModel.swift in Sources */ = {isa = PBXBuildFile; fileRef = ACD5FB062B618AB900FF6846 /* ArticleModel.swift */; };
		ACD5FB092B619F9500FF6846 /* HistoryCell.swift in Sources */ = {isa = PBXBuildFile; fileRef = ACD5FB082B619F9500FF6846 /* HistoryCell.swift */; };
		ACD5FB0D2B61A1A100FF6846 /* UserDefault.swift in Sources */ = {isa = PBXBuildFile; fileRef = ACD5FB0C2B61A1A100FF6846 /* UserDefault.swift */; };
		ACD5FB112B61BAB300FF6846 /* GameplayHeader.swift in Sources */ = {isa = PBXBuildFile; fileRef = ACD5FB102B61BAB300FF6846 /* GameplayHeader.swift */; };
		ACD5FB8E2B6587E100FF6846 /* GameLogic.swift in Sources */ = {isa = PBXBuildFile; fileRef = ACD5FB8D2B6587E100FF6846 /* GameLogic.swift */; };
		ACD5FB912B65A04600FF6846 /* Picture.swift in Sources */ = {isa = PBXBuildFile; fileRef = ACD5FB902B65A04600FF6846 /* Picture.swift */; };
		ACD5FB932B65A09200FF6846 /* Cardback.swift in Sources */ = {isa = PBXBuildFile; fileRef = ACD5FB922B65A09200FF6846 /* Cardback.swift */; };
		ACD5FB952B65A0E600FF6846 /* Card.swift in Sources */ = {isa = PBXBuildFile; fileRef = ACD5FB942B65A0E600FF6846 /* Card.swift */; };
		ACD5FB972B65A6A500FF6846 /* CardModel.swift in Sources */ = {isa = PBXBuildFile; fileRef = ACD5FB962B65A6A500FF6846 /* CardModel.swift */; };
		ACD5FB992B65D3C800FF6846 /* GameStatsModel.swift in Sources */ = {isa = PBXBuildFile; fileRef = ACD5FB982B65D3C800FF6846 /* GameStatsModel.swift */; };
		ACD5FB9B2B665D6700FF6846 /* Selection.swift in Sources */ = {isa = PBXBuildFile; fileRef = ACD5FB9A2B665D6700FF6846 /* Selection.swift */; };
		ACD5FB9E2B665FE100FF6846 /* ShortDescription.swift in Sources */ = {isa = PBXBuildFile; fileRef = ACD5FB9D2B665FE100FF6846 /* ShortDescription.swift */; };
/* End PBXBuildFile section */

/* Begin PBXFileReference section */
		ACA40DA62B60664E001C6851 /* AdmiralCasinoLivePro.app */ = {isa = PBXFileReference; explicitFileType = wrapper.application; includeInIndex = 0; path = AdmiralCasinoLivePro.app; sourceTree = BUILT_PRODUCTS_DIR; };
		ACA40DA92B60664E001C6851 /* AdmiralCasinoLiveProApp.swift */ = {isa = PBXFileReference; lastKnownFileType = sourcecode.swift; path = AdmiralCasinoLiveProApp.swift; sourceTree = "<group>"; };
		ACA40DAB2B60664E001C6851 /* ContentView.swift */ = {isa = PBXFileReference; lastKnownFileType = sourcecode.swift; path = ContentView.swift; sourceTree = "<group>"; };
		ACA40DB02B606650001C6851 /* Preview Assets.xcassets */ = {isa = PBXFileReference; lastKnownFileType = folder.assetcatalog; path = "Preview Assets.xcassets"; sourceTree = "<group>"; };
		ACA40DB72B606BA8001C6851 /* Menu.swift */ = {isa = PBXFileReference; lastKnownFileType = sourcecode.swift; path = Menu.swift; sourceTree = "<group>"; };
		ACA40DBB2B606BE3001C6851 /* Background.swift */ = {isa = PBXFileReference; lastKnownFileType = sourcecode.swift; path = Background.swift; sourceTree = "<group>"; };
		ACA40DBE2B606C18001C6851 /* Images.swift */ = {isa = PBXFileReference; lastKnownFileType = sourcecode.swift; path = Images.swift; sourceTree = "<group>"; };
		ACA40DC12B606FC4001C6851 /* Inter-ExtraBold.ttf */ = {isa = PBXFileReference; lastKnownFileType = file; path = "Inter-ExtraBold.ttf"; sourceTree = "<group>"; };
		ACA40DC32B606FF6001C6851 /* Inter-Medium.ttf */ = {isa = PBXFileReference; lastKnownFileType = file; path = "Inter-Medium.ttf"; sourceTree = "<group>"; };
		ACA40DC52B607000001C6851 /* Inter-Bold.ttf */ = {isa = PBXFileReference; lastKnownFileType = file; path = "Inter-Bold.ttf"; sourceTree = "<group>"; };
		ACA40DC72B607009001C6851 /* Inter-Black.ttf */ = {isa = PBXFileReference; lastKnownFileType = file; path = "Inter-Black.ttf"; sourceTree = "<group>"; };
		ACA40DC92B607031001C6851 /* Inter-Regular.ttf */ = {isa = PBXFileReference; lastKnownFileType = file; path = "Inter-Regular.ttf"; sourceTree = "<group>"; };
		ACA40DCB2B60704C001C6851 /* Inter-SemiBold.ttf */ = {isa = PBXFileReference; lastKnownFileType = file; path = "Inter-SemiBold.ttf"; sourceTree = "<group>"; };
		ACA40DCD2B607290001C6851 /* Info.plist */ = {isa = PBXFileReference; lastKnownFileType = text.plist; path = Info.plist; sourceTree = "<group>"; };
		ACA40DCE2B607FB3001C6851 /* Fonts.swift */ = {isa = PBXFileReference; lastKnownFileType = sourcecode.swift; path = Fonts.swift; sourceTree = "<group>"; };
		ACA40DD02B60FBDD001C6851 /* Colors.swift */ = {isa = PBXFileReference; lastKnownFileType = sourcecode.swift; path = Colors.swift; sourceTree = "<group>"; };
		ACA40DD22B613133001C6851 /* Text.swift */ = {isa = PBXFileReference; lastKnownFileType = sourcecode.swift; path = Text.swift; sourceTree = "<group>"; };
		ACD5FAF32B61362D00FF6846 /* Assets.xcassets */ = {isa = PBXFileReference; lastKnownFileType = folder.assetcatalog; name = Assets.xcassets; path = AdmiralCasinoLivePro/Resources/Assets.xcassets; sourceTree = SOURCE_ROOT; };
		ACD5FAF52B61368500FF6846 /* Info.swift */ = {isa = PBXFileReference; lastKnownFileType = sourcecode.swift; path = Info.swift; sourceTree = "<group>"; };
		ACD5FAF72B61377C00FF6846 /* Header.swift */ = {isa = PBXFileReference; lastKnownFileType = sourcecode.swift; path = Header.swift; sourceTree = "<group>"; };
		ACD5FAFA2B61460300FF6846 /* InfoModel.swift */ = {isa = PBXFileReference; lastKnownFileType = sourcecode.swift; path = InfoModel.swift; sourceTree = "<group>"; };
		ACD5FAFC2B614A9500FF6846 /* Strategies.swift */ = {isa = PBXFileReference; lastKnownFileType = sourcecode.swift; path = Strategies.swift; sourceTree = "<group>"; };
		ACD5FAFE2B614FD200FF6846 /* StrategyModel.swift */ = {isa = PBXFileReference; lastKnownFileType = sourcecode.swift; path = StrategyModel.swift; sourceTree = "<group>"; };
		ACD5FB002B6151AD00FF6846 /* History.swift */ = {isa = PBXFileReference; lastKnownFileType = sourcecode.swift; path = History.swift; sourceTree = "<group>"; };
		ACD5FB022B61560D00FF6846 /* StrategyDescription.swift */ = {isa = PBXFileReference; lastKnownFileType = sourcecode.swift; path = StrategyDescription.swift; sourceTree = "<group>"; };
		ACD5FB042B615D3B00FF6846 /* Gameplay.swift */ = {isa = PBXFileReference; lastKnownFileType = sourcecode.swift; path = Gameplay.swift; sourceTree = "<group>"; };
		ACD5FB062B618AB900FF6846 /* ArticleModel.swift */ = {isa = PBXFileReference; lastKnownFileType = sourcecode.swift; path = ArticleModel.swift; sourceTree = "<group>"; };
		ACD5FB082B619F9500FF6846 /* HistoryCell.swift */ = {isa = PBXFileReference; lastKnownFileType = sourcecode.swift; path = HistoryCell.swift; sourceTree = "<group>"; };
		ACD5FB0C2B61A1A100FF6846 /* UserDefault.swift */ = {isa = PBXFileReference; lastKnownFileType = sourcecode.swift; path = UserDefault.swift; sourceTree = "<group>"; };
		ACD5FB102B61BAB300FF6846 /* GameplayHeader.swift */ = {isa = PBXFileReference; lastKnownFileType = sourcecode.swift; path = GameplayHeader.swift; sourceTree = "<group>"; };
		ACD5FB8D2B6587E100FF6846 /* GameLogic.swift */ = {isa = PBXFileReference; lastKnownFileType = sourcecode.swift; path = GameLogic.swift; sourceTree = "<group>"; };
		ACD5FB902B65A04600FF6846 /* Picture.swift */ = {isa = PBXFileReference; lastKnownFileType = sourcecode.swift; path = Picture.swift; sourceTree = "<group>"; };
		ACD5FB922B65A09200FF6846 /* Cardback.swift */ = {isa = PBXFileReference; lastKnownFileType = sourcecode.swift; path = Cardback.swift; sourceTree = "<group>"; };
		ACD5FB942B65A0E600FF6846 /* Card.swift */ = {isa = PBXFileReference; lastKnownFileType = sourcecode.swift; path = Card.swift; sourceTree = "<group>"; };
		ACD5FB962B65A6A500FF6846 /* CardModel.swift */ = {isa = PBXFileReference; lastKnownFileType = sourcecode.swift; path = CardModel.swift; sourceTree = "<group>"; };
		ACD5FB982B65D3C800FF6846 /* GameStatsModel.swift */ = {isa = PBXFileReference; lastKnownFileType = sourcecode.swift; path = GameStatsModel.swift; sourceTree = "<group>"; };
		ACD5FB9A2B665D6700FF6846 /* Selection.swift */ = {isa = PBXFileReference; lastKnownFileType = sourcecode.swift; path = Selection.swift; sourceTree = "<group>"; };
		ACD5FB9D2B665FE100FF6846 /* ShortDescription.swift */ = {isa = PBXFileReference; lastKnownFileType = sourcecode.swift; path = ShortDescription.swift; sourceTree = "<group>"; };
/* End PBXFileReference section */

/* Begin PBXFrameworksBuildPhase section */
		ACA40DA32B60664E001C6851 /* Frameworks */ = {
			isa = PBXFrameworksBuildPhase;
			buildActionMask = 2147483647;
			files = (
			);
			runOnlyForDeploymentPostprocessing = 0;
		};
/* End PBXFrameworksBuildPhase section */

/* Begin PBXGroup section */
		ACA40D9D2B60664E001C6851 = {
			isa = PBXGroup;
			children = (
				ACA40DA82B60664E001C6851 /* AdmiralCasinoLivePro */,
				ACA40DA72B60664E001C6851 /* Products */,
			);
			sourceTree = "<group>";
		};
		ACA40DA72B60664E001C6851 /* Products */ = {
			isa = PBXGroup;
			children = (
				ACA40DA62B60664E001C6851 /* AdmiralCasinoLivePro.app */,
			);
			name = Products;
			sourceTree = "<group>";
		};
		ACA40DA82B60664E001C6851 /* AdmiralCasinoLivePro */ = {
			isa = PBXGroup;
			children = (
				ACA40DCD2B607290001C6851 /* Info.plist */,
				ACA40DA92B60664E001C6851 /* AdmiralCasinoLiveProApp.swift */,
				ACA40DAB2B60664E001C6851 /* ContentView.swift */,
				ACD5FB8D2B6587E100FF6846 /* GameLogic.swift */,
				ACA40DB92B606BAC001C6851 /* Screens */,
				ACA40DBA2B606BB9001C6851 /* Components */,
				ACD5FAF92B6145E600FF6846 /* Models */,
				ACD5FB0B2B61A17B00FF6846 /* UserDefaults */,
				ACA40DC02B606F5A001C6851 /* Fonts */,
				ACA40DBD2B606BF8001C6851 /* Resources */,
				ACA40DAF2B606650001C6851 /* Preview Content */,
			);
			path = AdmiralCasinoLivePro;
			sourceTree = "<group>";
		};
		ACA40DAF2B606650001C6851 /* Preview Content */ = {
			isa = PBXGroup;
			children = (
				ACA40DB02B606650001C6851 /* Preview Assets.xcassets */,
			);
			path = "Preview Content";
			sourceTree = "<group>";
		};
		ACA40DB92B606BAC001C6851 /* Screens */ = {
			isa = PBXGroup;
			children = (
				ACA40DB72B606BA8001C6851 /* Menu.swift */,
				ACD5FAF52B61368500FF6846 /* Info.swift */,
				ACD5FAFC2B614A9500FF6846 /* Strategies.swift */,
				ACD5FB002B6151AD00FF6846 /* History.swift */,
				ACD5FB022B61560D00FF6846 /* StrategyDescription.swift */,
				ACD5FB9C2B665F7F00FF6846 /* Gameplay */,
			);
			path = Screens;
			sourceTree = "<group>";
		};
		ACA40DBA2B606BB9001C6851 /* Components */ = {
			isa = PBXGroup;
			children = (
				ACA40DBB2B606BE3001C6851 /* Background.swift */,
				ACD5FB8F2B65A02C00FF6846 /* CardsAnimation */,
				ACD5FB082B619F9500FF6846 /* HistoryCell.swift */,
				ACD5FAF72B61377C00FF6846 /* Header.swift */,
				ACD5FB102B61BAB300FF6846 /* GameplayHeader.swift */,
			);
			path = Components;
			sourceTree = "<group>";
		};
		ACA40DBD2B606BF8001C6851 /* Resources */ = {
			isa = PBXGroup;
			children = (
				ACA40DBE2B606C18001C6851 /* Images.swift */,
				ACA40DCE2B607FB3001C6851 /* Fonts.swift */,
				ACA40DD02B60FBDD001C6851 /* Colors.swift */,
				ACA40DD22B613133001C6851 /* Text.swift */,
				ACD5FAF32B61362D00FF6846 /* Assets.xcassets */,
			);
			path = Resources;
			sourceTree = "<group>";
		};
		ACA40DC02B606F5A001C6851 /* Fonts */ = {
			isa = PBXGroup;
			children = (
				ACA40DC72B607009001C6851 /* Inter-Black.ttf */,
				ACA40DC12B606FC4001C6851 /* Inter-ExtraBold.ttf */,
				ACA40DC52B607000001C6851 /* Inter-Bold.ttf */,
				ACA40DCB2B60704C001C6851 /* Inter-SemiBold.ttf */,
				ACA40DC92B607031001C6851 /* Inter-Regular.ttf */,
				ACA40DC32B606FF6001C6851 /* Inter-Medium.ttf */,
			);
			path = Fonts;
			sourceTree = "<group>";
		};
		ACD5FAF92B6145E600FF6846 /* Models */ = {
			isa = PBXGroup;
			children = (
				ACD5FAFA2B61460300FF6846 /* InfoModel.swift */,
				ACD5FB982B65D3C800FF6846 /* GameStatsModel.swift */,
				ACD5FAFE2B614FD200FF6846 /* StrategyModel.swift */,
				ACD5FB062B618AB900FF6846 /* ArticleModel.swift */,
				ACD5FB962B65A6A500FF6846 /* CardModel.swift */,
			);
			path = Models;
			sourceTree = "<group>";
		};
		ACD5FB0B2B61A17B00FF6846 /* UserDefaults */ = {
			isa = PBXGroup;
			children = (
				ACD5FB0C2B61A1A100FF6846 /* UserDefault.swift */,
			);
			path = UserDefaults;
			sourceTree = "<group>";
		};
		ACD5FB8F2B65A02C00FF6846 /* CardsAnimation */ = {
			isa = PBXGroup;
			children = (
				ACD5FB902B65A04600FF6846 /* Picture.swift */,
				ACD5FB922B65A09200FF6846 /* Cardback.swift */,
				ACD5FB942B65A0E600FF6846 /* Card.swift */,
			);
			path = CardsAnimation;
			sourceTree = "<group>";
		};
		ACD5FB9C2B665F7F00FF6846 /* Gameplay */ = {
			isa = PBXGroup;
			children = (
				ACD5FB9A2B665D6700FF6846 /* Selection.swift */,
				ACD5FB9D2B665FE100FF6846 /* ShortDescription.swift */,
				ACD5FB042B615D3B00FF6846 /* Gameplay.swift */,
			);
			path = Gameplay;
			sourceTree = "<group>";
		};
/* End PBXGroup section */

/* Begin PBXNativeTarget section */
		ACA40DA52B60664E001C6851 /* AdmiralCasinoLivePro */ = {
			isa = PBXNativeTarget;
			buildConfigurationList = ACA40DB42B606650001C6851 /* Build configuration list for PBXNativeTarget "AdmiralCasinoLivePro" */;
			buildPhases = (
				ACA40DA22B60664E001C6851 /* Sources */,
				ACA40DA32B60664E001C6851 /* Frameworks */,
				ACA40DA42B60664E001C6851 /* Resources */,
			);
			buildRules = (
			);
			dependencies = (
			);
			name = AdmiralCasinoLivePro;
			productName = AdmiralCasinoLivePro;
			productReference = ACA40DA62B60664E001C6851 /* AdmiralCasinoLivePro.app */;
			productType = "com.apple.product-type.application";
		};
/* End PBXNativeTarget section */

/* Begin PBXProject section */
		ACA40D9E2B60664E001C6851 /* Project object */ = {
			isa = PBXProject;
			attributes = {
				BuildIndependentTargetsInParallel = 1;
				LastSwiftUpdateCheck = 1520;
				LastUpgradeCheck = 1520;
				TargetAttributes = {
					ACA40DA52B60664E001C6851 = {
						CreatedOnToolsVersion = 15.2;
					};
				};
			};
			buildConfigurationList = ACA40DA12B60664E001C6851 /* Build configuration list for PBXProject "AdmiralCasinoLivePro" */;
			compatibilityVersion = "Xcode 14.0";
			developmentRegion = en;
			hasScannedForEncodings = 0;
			knownRegions = (
				en,
				Base,
			);
			mainGroup = ACA40D9D2B60664E001C6851;
			productRefGroup = ACA40DA72B60664E001C6851 /* Products */;
			projectDirPath = "";
			projectRoot = "";
			targets = (
				ACA40DA52B60664E001C6851 /* AdmiralCasinoLivePro */,
			);
		};
/* End PBXProject section */

/* Begin PBXResourcesBuildPhase section */
		ACA40DA42B60664E001C6851 /* Resources */ = {
			isa = PBXResourcesBuildPhase;
			buildActionMask = 2147483647;
			files = (
				ACA40DC42B606FF6001C6851 /* Inter-Medium.ttf in Resources */,
				ACA40DC82B607009001C6851 /* Inter-Black.ttf in Resources */,
				ACD5FAF42B61362D00FF6846 /* Assets.xcassets in Resources */,
				ACA40DC62B607000001C6851 /* Inter-Bold.ttf in Resources */,
				ACA40DB12B606650001C6851 /* Preview Assets.xcassets in Resources */,
				ACA40DCC2B60704C001C6851 /* Inter-SemiBold.ttf in Resources */,
				ACA40DC22B606FC4001C6851 /* Inter-ExtraBold.ttf in Resources */,
				ACA40DCA2B607031001C6851 /* Inter-Regular.ttf in Resources */,
			);
			runOnlyForDeploymentPostprocessing = 0;
		};
/* End PBXResourcesBuildPhase section */

/* Begin PBXSourcesBuildPhase section */
		ACA40DA22B60664E001C6851 /* Sources */ = {
			isa = PBXSourcesBuildPhase;
			buildActionMask = 2147483647;
			files = (
				ACD5FAF82B61377C00FF6846 /* Header.swift in Sources */,
				ACD5FAFB2B61460300FF6846 /* InfoModel.swift in Sources */,
				ACD5FB992B65D3C800FF6846 /* GameStatsModel.swift in Sources */,
				ACD5FB012B6151AD00FF6846 /* History.swift in Sources */,
				ACA40DB82B606BA8001C6851 /* Menu.swift in Sources */,
				ACD5FB972B65A6A500FF6846 /* CardModel.swift in Sources */,
				ACA40DAC2B60664E001C6851 /* ContentView.swift in Sources */,
				ACA40DD32B613133001C6851 /* Text.swift in Sources */,
				ACD5FB8E2B6587E100FF6846 /* GameLogic.swift in Sources */,
				ACD5FB952B65A0E600FF6846 /* Card.swift in Sources */,
				ACD5FB032B61560D00FF6846 /* StrategyDescription.swift in Sources */,
				ACD5FAF62B61368500FF6846 /* Info.swift in Sources */,
				ACD5FAFD2B614A9500FF6846 /* Strategies.swift in Sources */,
				ACD5FB9E2B665FE100FF6846 /* ShortDescription.swift in Sources */,
				ACD5FB052B615D3B00FF6846 /* Gameplay.swift in Sources */,
				ACD5FB072B618AB900FF6846 /* ArticleModel.swift in Sources */,
				ACA40DCF2B607FB3001C6851 /* Fonts.swift in Sources */,
				ACD5FB092B619F9500FF6846 /* HistoryCell.swift in Sources */,
				ACD5FB912B65A04600FF6846 /* Picture.swift in Sources */,
				ACA40DD12B60FBDD001C6851 /* Colors.swift in Sources */,
				ACA40DBF2B606C18001C6851 /* Images.swift in Sources */,
				ACA40DBC2B606BE3001C6851 /* Background.swift in Sources */,
				ACD5FB932B65A09200FF6846 /* Cardback.swift in Sources */,
				ACD5FB112B61BAB300FF6846 /* GameplayHeader.swift in Sources */,
				ACD5FB0D2B61A1A100FF6846 /* UserDefault.swift in Sources */,
				ACD5FB9B2B665D6700FF6846 /* Selection.swift in Sources */,
				ACD5FAFF2B614FD200FF6846 /* StrategyModel.swift in Sources */,
				ACA40DAA2B60664E001C6851 /* AdmiralCasinoLiveProApp.swift in Sources */,
			);
			runOnlyForDeploymentPostprocessing = 0;
		};
/* End PBXSourcesBuildPhase section */

/* Begin XCBuildConfiguration section */
		ACA40DB22B606650001C6851 /* Debug */ = {
			isa = XCBuildConfiguration;
			buildSettings = {
				ALWAYS_SEARCH_USER_PATHS = NO;
				ASSETCATALOG_COMPILER_GENERATE_SWIFT_ASSET_SYMBOL_EXTENSIONS = YES;
				CLANG_ANALYZER_NONNULL = YES;
				CLANG_ANALYZER_NUMBER_OBJECT_CONVERSION = YES_AGGRESSIVE;
				CLANG_CXX_LANGUAGE_STANDARD = "gnu++20";
				CLANG_ENABLE_MODULES = YES;
				CLANG_ENABLE_OBJC_ARC = YES;
				CLANG_ENABLE_OBJC_WEAK = YES;
				CLANG_WARN_BLOCK_CAPTURE_AUTORELEASING = YES;
				CLANG_WARN_BOOL_CONVERSION = YES;
				CLANG_WARN_COMMA = YES;
				CLANG_WARN_CONSTANT_CONVERSION = YES;
				CLANG_WARN_DEPRECATED_OBJC_IMPLEMENTATIONS = YES;
				CLANG_WARN_DIRECT_OBJC_ISA_USAGE = YES_ERROR;
				CLANG_WARN_DOCUMENTATION_COMMENTS = YES;
				CLANG_WARN_EMPTY_BODY = YES;
				CLANG_WARN_ENUM_CONVERSION = YES;
				CLANG_WARN_INFINITE_RECURSION = YES;
				CLANG_WARN_INT_CONVERSION = YES;
				CLANG_WARN_NON_LITERAL_NULL_CONVERSION = YES;
				CLANG_WARN_OBJC_IMPLICIT_RETAIN_SELF = YES;
				CLANG_WARN_OBJC_LITERAL_CONVERSION = YES;
				CLANG_WARN_OBJC_ROOT_CLASS = YES_ERROR;
				CLANG_WARN_QUOTED_INCLUDE_IN_FRAMEWORK_HEADER = YES;
				CLANG_WARN_RANGE_LOOP_ANALYSIS = YES;
				CLANG_WARN_STRICT_PROTOTYPES = YES;
				CLANG_WARN_SUSPICIOUS_MOVE = YES;
				CLANG_WARN_UNGUARDED_AVAILABILITY = YES_AGGRESSIVE;
				CLANG_WARN_UNREACHABLE_CODE = YES;
				CLANG_WARN__DUPLICATE_METHOD_MATCH = YES;
				COPY_PHASE_STRIP = NO;
				DEBUG_INFORMATION_FORMAT = dwarf;
				ENABLE_STRICT_OBJC_MSGSEND = YES;
				ENABLE_TESTABILITY = YES;
				ENABLE_USER_SCRIPT_SANDBOXING = YES;
				GCC_C_LANGUAGE_STANDARD = gnu17;
				GCC_DYNAMIC_NO_PIC = NO;
				GCC_NO_COMMON_BLOCKS = YES;
				GCC_OPTIMIZATION_LEVEL = 0;
				GCC_PREPROCESSOR_DEFINITIONS = (
					"DEBUG=1",
					"$(inherited)",
				);
				GCC_WARN_64_TO_32_BIT_CONVERSION = YES;
				GCC_WARN_ABOUT_RETURN_TYPE = YES_ERROR;
				GCC_WARN_UNDECLARED_SELECTOR = YES;
				GCC_WARN_UNINITIALIZED_AUTOS = YES_AGGRESSIVE;
				GCC_WARN_UNUSED_FUNCTION = YES;
				GCC_WARN_UNUSED_VARIABLE = YES;
				IPHONEOS_DEPLOYMENT_TARGET = 15.0;
				LOCALIZATION_PREFERS_STRING_CATALOGS = YES;
				MTL_ENABLE_DEBUG_INFO = INCLUDE_SOURCE;
				MTL_FAST_MATH = YES;
				ONLY_ACTIVE_ARCH = YES;
				SDKROOT = iphoneos;
				SWIFT_ACTIVE_COMPILATION_CONDITIONS = "DEBUG $(inherited)";
				SWIFT_OPTIMIZATION_LEVEL = "-Onone";
			};
			name = Debug;
		};
		ACA40DB32B606650001C6851 /* Release */ = {
			isa = XCBuildConfiguration;
			buildSettings = {
				ALWAYS_SEARCH_USER_PATHS = NO;
				ASSETCATALOG_COMPILER_GENERATE_SWIFT_ASSET_SYMBOL_EXTENSIONS = YES;
				CLANG_ANALYZER_NONNULL = YES;
				CLANG_ANALYZER_NUMBER_OBJECT_CONVERSION = YES_AGGRESSIVE;
				CLANG_CXX_LANGUAGE_STANDARD = "gnu++20";
				CLANG_ENABLE_MODULES = YES;
				CLANG_ENABLE_OBJC_ARC = YES;
				CLANG_ENABLE_OBJC_WEAK = YES;
				CLANG_WARN_BLOCK_CAPTURE_AUTORELEASING = YES;
				CLANG_WARN_BOOL_CONVERSION = YES;
				CLANG_WARN_COMMA = YES;
				CLANG_WARN_CONSTANT_CONVERSION = YES;
				CLANG_WARN_DEPRECATED_OBJC_IMPLEMENTATIONS = YES;
				CLANG_WARN_DIRECT_OBJC_ISA_USAGE = YES_ERROR;
				CLANG_WARN_DOCUMENTATION_COMMENTS = YES;
				CLANG_WARN_EMPTY_BODY = YES;
				CLANG_WARN_ENUM_CONVERSION = YES;
				CLANG_WARN_INFINITE_RECURSION = YES;
				CLANG_WARN_INT_CONVERSION = YES;
				CLANG_WARN_NON_LITERAL_NULL_CONVERSION = YES;
				CLANG_WARN_OBJC_IMPLICIT_RETAIN_SELF = YES;
				CLANG_WARN_OBJC_LITERAL_CONVERSION = YES;
				CLANG_WARN_OBJC_ROOT_CLASS = YES_ERROR;
				CLANG_WARN_QUOTED_INCLUDE_IN_FRAMEWORK_HEADER = YES;
				CLANG_WARN_RANGE_LOOP_ANALYSIS = YES;
				CLANG_WARN_STRICT_PROTOTYPES = YES;
				CLANG_WARN_SUSPICIOUS_MOVE = YES;
				CLANG_WARN_UNGUARDED_AVAILABILITY = YES_AGGRESSIVE;
				CLANG_WARN_UNREACHABLE_CODE = YES;
				CLANG_WARN__DUPLICATE_METHOD_MATCH = YES;
				COPY_PHASE_STRIP = NO;
				DEBUG_INFORMATION_FORMAT = "dwarf-with-dsym";
				ENABLE_NS_ASSERTIONS = NO;
				ENABLE_STRICT_OBJC_MSGSEND = YES;
				ENABLE_USER_SCRIPT_SANDBOXING = YES;
				GCC_C_LANGUAGE_STANDARD = gnu17;
				GCC_NO_COMMON_BLOCKS = YES;
				GCC_WARN_64_TO_32_BIT_CONVERSION = YES;
				GCC_WARN_ABOUT_RETURN_TYPE = YES_ERROR;
				GCC_WARN_UNDECLARED_SELECTOR = YES;
				GCC_WARN_UNINITIALIZED_AUTOS = YES_AGGRESSIVE;
				GCC_WARN_UNUSED_FUNCTION = YES;
				GCC_WARN_UNUSED_VARIABLE = YES;
				IPHONEOS_DEPLOYMENT_TARGET = 15.0;
				LOCALIZATION_PREFERS_STRING_CATALOGS = YES;
				MTL_ENABLE_DEBUG_INFO = NO;
				MTL_FAST_MATH = YES;
				SDKROOT = iphoneos;
				SWIFT_COMPILATION_MODE = wholemodule;
				VALIDATE_PRODUCT = YES;
			};
			name = Release;
		};
		ACA40DB52B606650001C6851 /* Debug */ = {
			isa = XCBuildConfiguration;
			buildSettings = {
				ASSETCATALOG_COMPILER_APPICON_NAME = AppIcon;
				ASSETCATALOG_COMPILER_GLOBAL_ACCENT_COLOR_NAME = AccentColor;
				CODE_SIGN_STYLE = Automatic;
				CURRENT_PROJECT_VERSION = 1;
				DEVELOPMENT_ASSET_PATHS = "\"AdmiralCasinoLivePro/Preview Content\"";
				DEVELOPMENT_TEAM = 482344W3R3;
				ENABLE_PREVIEWS = YES;
				GENERATE_INFOPLIST_FILE = YES;
				INFOPLIST_FILE = AdmiralCasinoLivePro/Info.plist;
				INFOPLIST_KEY_UIApplicationSceneManifest_Generation = YES;
				INFOPLIST_KEY_UIApplicationSupportsIndirectInputEvents = YES;
				INFOPLIST_KEY_UILaunchScreen_Generation = YES;
				INFOPLIST_KEY_UISupportedInterfaceOrientations = UIInterfaceOrientationPortrait;
				INFOPLIST_KEY_UISupportedInterfaceOrientations_iPad = "UIInterfaceOrientationLandscapeLeft UIInterfaceOrientationLandscapeRight UIInterfaceOrientationPortrait UIInterfaceOrientationPortraitUpsideDown";
				IPHONEOS_DEPLOYMENT_TARGET = 15.0;
				LD_RUNPATH_SEARCH_PATHS = (
					"$(inherited)",
					"@executable_path/Frameworks",
				);
				MARKETING_VERSION = 1.0;
				PRODUCT_BUNDLE_IDENTIFIER = Artemaj.AdmiralCasinoLivePro;
				PRODUCT_NAME = "$(TARGET_NAME)";
				SUPPORTED_PLATFORMS = "iphoneos iphonesimulator";
				SUPPORTS_MACCATALYST = NO;
				SUPPORTS_MAC_DESIGNED_FOR_IPHONE_IPAD = NO;
				SUPPORTS_XR_DESIGNED_FOR_IPHONE_IPAD = NO;
				SWIFT_EMIT_LOC_STRINGS = YES;
				SWIFT_VERSION = 5.0;
				TARGETED_DEVICE_FAMILY = 1;
			};
			name = Debug;
		};
		ACA40DB62B606650001C6851 /* Release */ = {
			isa = XCBuildConfiguration;
			buildSettings = {
				ASSETCATALOG_COMPILER_APPICON_NAME = AppIcon;
				ASSETCATALOG_COMPILER_GLOBAL_ACCENT_COLOR_NAME = AccentColor;
				CODE_SIGN_STYLE = Automatic;
				CURRENT_PROJECT_VERSION = 1;
				DEVELOPMENT_ASSET_PATHS = "\"AdmiralCasinoLivePro/Preview Content\"";
				DEVELOPMENT_TEAM = 482344W3R3;
				ENABLE_PREVIEWS = YES;
				GENERATE_INFOPLIST_FILE = YES;
				INFOPLIST_FILE = AdmiralCasinoLivePro/Info.plist;
				INFOPLIST_KEY_UIApplicationSceneManifest_Generation = YES;
				INFOPLIST_KEY_UIApplicationSupportsIndirectInputEvents = YES;
				INFOPLIST_KEY_UILaunchScreen_Generation = YES;
				INFOPLIST_KEY_UISupportedInterfaceOrientations = UIInterfaceOrientationPortrait;
				INFOPLIST_KEY_UISupportedInterfaceOrientations_iPad = "UIInterfaceOrientationLandscapeLeft UIInterfaceOrientationLandscapeRight UIInterfaceOrientationPortrait UIInterfaceOrientationPortraitUpsideDown";
				IPHONEOS_DEPLOYMENT_TARGET = 15.0;
				LD_RUNPATH_SEARCH_PATHS = (
					"$(inherited)",
					"@executable_path/Frameworks",
				);
				MARKETING_VERSION = 1.0;
				PRODUCT_BUNDLE_IDENTIFIER = Artemaj.AdmiralCasinoLivePro;
				PRODUCT_NAME = "$(TARGET_NAME)";
				SUPPORTED_PLATFORMS = "iphoneos iphonesimulator";
				SUPPORTS_MACCATALYST = NO;
				SUPPORTS_MAC_DESIGNED_FOR_IPHONE_IPAD = NO;
				SUPPORTS_XR_DESIGNED_FOR_IPHONE_IPAD = NO;
				SWIFT_EMIT_LOC_STRINGS = YES;
				SWIFT_VERSION = 5.0;
				TARGETED_DEVICE_FAMILY = 1;
			};
			name = Release;
		};
/* End XCBuildConfiguration section */

/* Begin XCConfigurationList section */
		ACA40DA12B60664E001C6851 /* Build configuration list for PBXProject "AdmiralCasinoLivePro" */ = {
			isa = XCConfigurationList;
			buildConfigurations = (
				ACA40DB22B606650001C6851 /* Debug */,
				ACA40DB32B606650001C6851 /* Release */,
			);
			defaultConfigurationIsVisible = 0;
			defaultConfigurationName = Release;
		};
		ACA40DB42B606650001C6851 /* Build configuration list for PBXNativeTarget "AdmiralCasinoLivePro" */ = {
			isa = XCConfigurationList;
			buildConfigurations = (
				ACA40DB52B606650001C6851 /* Debug */,
				ACA40DB62B606650001C6851 /* Release */,
			);
			defaultConfigurationIsVisible = 0;
			defaultConfigurationName = Release;
		};
/* End XCConfigurationList section */
	};
	rootObject = ACA40D9E2B60664E001C6851 /* Project object */;
}
